
Microsoft Visual Studio Solution File, Format Version 12.00
# Visual Studio Version 17
VisualStudioVersion = 17.4.33213.308
MinimumVisualStudioVersion = 10.0.40219.1
Project("{FAE04EC0-301F-11D3-BF4B-00C04F79EFBC}") = "Практика 9 Почтовый клиент", "Практика 9 Почтовый клиент\Практика 9 Почтовый клиент.csproj", "{2C3641B8-D3EE-43BF-952A-FD095FAC7A92}"
EndProject
Global
	GlobalSection(SolutionConfigurationPlatforms) = preSolution
		Debug|Any CPU = Debug|Any CPU
		Release|Any CPU = Release|Any CPU
	EndGlobalSection
	GlobalSection(ProjectConfigurationPlatforms) = postSolution
		{2C3641B8-D3EE-43BF-952A-FD095FAC7A92}.Debug|Any CPU.ActiveCfg = Debug|Any CPU
		{2C3641B8-D3EE-43BF-952A-FD095FAC7A92}.Debug|Any CPU.Build.0 = Debug|Any CPU
		{2C3641B8-D3EE-43BF-952A-FD095FAC7A92}.Release|Any CPU.ActiveCfg = Release|Any CPU
		{2C3641B8-D3EE-43BF-952A-FD095FAC7A92}.Release|Any CPU.Build.0 = Release|Any CPU
	EndGlobalSection
	GlobalSection(SolutionProperties) = preSolution
		HideSolutionNode = FALSE
	EndGlobalSection
	GlobalSection(ExtensibilityGlobals) = postSolution
		SolutionGuid = {51C3DEB9-3664-49B6-9373-60034A5F77E7}
	EndGlobalSection
EndGlobal
